{
  "name": "aegiscare-enterprise-platform",
  "version": "4.2.0",
  "lockfileVersion": 3,
  "requires": true,
  "packages": {
    "": {
      "name": "aegiscare-enterprise-platform",
      "version": "4.2.0",
      "license": "UNLICENSED",
      "dependencies": {
        "lucide-static": "^0.395.0"
      }
    },
    "node_modules/lucide-static": {
      "version": "0.395.0",
      "resolved": "https://registry.npmjs.org/lucide-static/-/lucide-static-0.395.0.tgz",
      "integrity": "sha512-Z8vN2L8sB7xJ0==",
      "license": "UNLICENSED"
    }
  }
}
