{
  "name": "aegiscare-enterprise-ui",
  "version": "4.2.0",
  "lockfileVersion": 3,
  "requires": true,
  "packages": {
    "": {
      "name": "aegiscare-enterprise-ui",
      "version": "4.2.0",
      "license": "UNLICENSED",
      "dependencies": {
        "lucide-static": "^0.395.0",
        "chart.js": "^4.4.3",
        "date-fns": "^3.6.0"
      },
      "devDependencies": {
        "prettier": "^3.3.2",
        "stylelint": "^16.6.1"
      }
    }
  }
}
